
Microsoft Visual Studio Solution File, Format Version 12.00
# Visual Studio Version 16
VisualStudioVersion = 16.0.30406.217
MinimumVisualStudioVersion = 10.0.40219.1
Project("{9A19103F-16F7-4668-BE54-9A1E7A4F7556}") = "MVC", "MVC\MVC.csproj", "{7122F923-CB41-45AD-846F-019105B778E5}"
EndProject
Project("{9A19103F-16F7-4668-BE54-9A1E7A4F7556}") = "Domain.Model", "Domain.Model\Domain.Model.csproj", "{302E1629-21CD-4EF0-AF12-28F9010554BE}"
EndProject
Project("{9A19103F-16F7-4668-BE54-9A1E7A4F7556}") = "Infrastructure.Data", "Infrastructure.Data\Infrastructure.Data.csproj", "{81F6E0F8-8B57-456F-AC2E-6E75F1A74921}"
EndProject
Project("{2150E333-8FDC-42A3-9474-1A3956D46DE8}") = "01 - Presentation", "01 - Presentation", "{3B869FF4-1C2D-4826-9D4E-7C859857DF9F}"
EndProject
Project("{2150E333-8FDC-42A3-9474-1A3956D46DE8}") = "02 - Domain", "02 - Domain", "{7E8F53B4-2B74-4396-BE53-478B6433793B}"
EndProject
Project("{2150E333-8FDC-42A3-9474-1A3956D46DE8}") = "03 - Infrastructure", "03 - Infrastructure", "{CAF82C71-D11C-4964-989C-F2BF91355219}"
EndProject
Project("{9A19103F-16F7-4668-BE54-9A1E7A4F7556}") = "Domain.Service", "Domain.Service\Domain.Service.csproj", "{279A704B-8D89-476B-AE07-22481F62021A}"
EndProject
Project("{9A19103F-16F7-4668-BE54-9A1E7A4F7556}") = "Infrastructure.Crosscutting.IoC", "Infrastructure.Crosscutting.IoC\Infrastructure.Crosscutting.IoC.csproj", "{F97A5E14-8D3A-47AC-9B20-FF3A9B812B1A}"
EndProject
Global
	GlobalSection(SolutionConfigurationPlatforms) = preSolution
		Debug|Any CPU = Debug|Any CPU
		Release|Any CPU = Release|Any CPU
	EndGlobalSection
	GlobalSection(ProjectConfigurationPlatforms) = postSolution
		{7122F923-CB41-45AD-846F-019105B778E5}.Debug|Any CPU.ActiveCfg = Debug|Any CPU
		{7122F923-CB41-45AD-846F-019105B778E5}.Debug|Any CPU.Build.0 = Debug|Any CPU
		{7122F923-CB41-45AD-846F-019105B778E5}.Release|Any CPU.ActiveCfg = Release|Any CPU
		{7122F923-CB41-45AD-846F-019105B778E5}.Release|Any CPU.Build.0 = Release|Any CPU
		{302E1629-21CD-4EF0-AF12-28F9010554BE}.Debug|Any CPU.ActiveCfg = Debug|Any CPU
		{302E1629-21CD-4EF0-AF12-28F9010554BE}.Debug|Any CPU.Build.0 = Debug|Any CPU
		{302E1629-21CD-4EF0-AF12-28F9010554BE}.Release|Any CPU.ActiveCfg = Release|Any CPU
		{302E1629-21CD-4EF0-AF12-28F9010554BE}.Release|Any CPU.Build.0 = Release|Any CPU
		{81F6E0F8-8B57-456F-AC2E-6E75F1A74921}.Debug|Any CPU.ActiveCfg = Debug|Any CPU
		{81F6E0F8-8B57-456F-AC2E-6E75F1A74921}.Debug|Any CPU.Build.0 = Debug|Any CPU
		{81F6E0F8-8B57-456F-AC2E-6E75F1A74921}.Release|Any CPU.ActiveCfg = Release|Any CPU
		{81F6E0F8-8B57-456F-AC2E-6E75F1A74921}.Release|Any CPU.Build.0 = Release|Any CPU
		{279A704B-8D89-476B-AE07-22481F62021A}.Debug|Any CPU.ActiveCfg = Debug|Any CPU
		{279A704B-8D89-476B-AE07-22481F62021A}.Debug|Any CPU.Build.0 = Debug|Any CPU
		{279A704B-8D89-476B-AE07-22481F62021A}.Release|Any CPU.ActiveCfg = Release|Any CPU
		{279A704B-8D89-476B-AE07-22481F62021A}.Release|Any CPU.Build.0 = Release|Any CPU
		{F97A5E14-8D3A-47AC-9B20-FF3A9B812B1A}.Debug|Any CPU.ActiveCfg = Debug|Any CPU
		{F97A5E14-8D3A-47AC-9B20-FF3A9B812B1A}.Debug|Any CPU.Build.0 = Debug|Any CPU
		{F97A5E14-8D3A-47AC-9B20-FF3A9B812B1A}.Release|Any CPU.ActiveCfg = Release|Any CPU
		{F97A5E14-8D3A-47AC-9B20-FF3A9B812B1A}.Release|Any CPU.Build.0 = Release|Any CPU
	EndGlobalSection
	GlobalSection(SolutionProperties) = preSolution
		HideSolutionNode = FALSE
	EndGlobalSection
	GlobalSection(NestedProjects) = preSolution
		{7122F923-CB41-45AD-846F-019105B778E5} = {3B869FF4-1C2D-4826-9D4E-7C859857DF9F}
		{302E1629-21CD-4EF0-AF12-28F9010554BE} = {7E8F53B4-2B74-4396-BE53-478B6433793B}
		{81F6E0F8-8B57-456F-AC2E-6E75F1A74921} = {CAF82C71-D11C-4964-989C-F2BF91355219}
		{279A704B-8D89-476B-AE07-22481F62021A} = {7E8F53B4-2B74-4396-BE53-478B6433793B}
		{F97A5E14-8D3A-47AC-9B20-FF3A9B812B1A} = {CAF82C71-D11C-4964-989C-F2BF91355219}
	EndGlobalSection
	GlobalSection(ExtensibilityGlobals) = postSolution
		SolutionGuid = {3EF3B54B-42AE-436E-B03E-7F212798E7B2}
	EndGlobalSection
EndGlobal
